
Microsoft Visual Studio Solution File, Format Version 12.00
# Visual Studio Version 17
VisualStudioVersion = 17.11.35312.102
MinimumVisualStudioVersion = 10.0.40219.1
Project("{FAE04EC0-301F-11D3-BF4B-00C04F79EFBC}") = "Jequiti", "Jequiti\Jequiti.csproj", "{2291BC3A-1E32-49E5-A54A-D0F4CE3C84C3}"
EndProject
Global
	GlobalSection(SolutionConfigurationPlatforms) = preSolution
		Debug|Any CPU = Debug|Any CPU
		Release|Any CPU = Release|Any CPU
	EndGlobalSection
	GlobalSection(ProjectConfigurationPlatforms) = postSolution
		{2291BC3A-1E32-49E5-A54A-D0F4CE3C84C3}.Debug|Any CPU.ActiveCfg = Debug|Any CPU
		{2291BC3A-1E32-49E5-A54A-D0F4CE3C84C3}.Debug|Any CPU.Build.0 = Debug|Any CPU
		{2291BC3A-1E32-49E5-A54A-D0F4CE3C84C3}.Release|Any CPU.ActiveCfg = Release|Any CPU
		{2291BC3A-1E32-49E5-A54A-D0F4CE3C84C3}.Release|Any CPU.Build.0 = Release|Any CPU
	EndGlobalSection
	GlobalSection(SolutionProperties) = preSolution
		HideSolutionNode = FALSE
	EndGlobalSection
	GlobalSection(ExtensibilityGlobals) = postSolution
		SolutionGuid = {B172AD9B-9004-4218-8FC8-236F22D41301}
	EndGlobalSection
EndGlobal
